
Microsoft Visual Studio Solution File, Format Version 12.00
# Visual Studio 15
Project("{FAE04EC0-301F-11D3-BF4B-00C04F79EFBC}") = "Assembly-CSharp", "Assembly-CSharp.csproj", "{F95BDF09-EFBE-AA20-D0B5-096ED0EC2330}"
EndProject
Project("{FAE04EC0-301F-11D3-BF4B-00C04F79EFBC}") = "Assembly-CSharp-Editor", "Assembly-CSharp-Editor.csproj", "{CD3920EF-D85A-E41E-1AD8-AD01EB547BD8}"
EndProject
Global
	GlobalSection(SolutionConfigurationPlatforms) = preSolution
		Debug|Any CPU = Debug|Any CPU
		Release|Any CPU = Release|Any CPU
	EndGlobalSection
	GlobalSection(ProjectConfigurationPlatforms) = postSolution
		{F95BDF09-EFBE-AA20-D0B5-096ED0EC2330}.Debug|Any CPU.ActiveCfg = Debug|Any CPU
		{F95BDF09-EFBE-AA20-D0B5-096ED0EC2330}.Debug|Any CPU.Build.0 = Debug|Any CPU
		{F95BDF09-EFBE-AA20-D0B5-096ED0EC2330}.Release|Any CPU.ActiveCfg = Release|Any CPU
		{F95BDF09-EFBE-AA20-D0B5-096ED0EC2330}.Release|Any CPU.Build.0 = Release|Any CPU
		{CD3920EF-D85A-E41E-1AD8-AD01EB547BD8}.Debug|Any CPU.ActiveCfg = Debug|Any CPU
		{CD3920EF-D85A-E41E-1AD8-AD01EB547BD8}.Debug|Any CPU.Build.0 = Debug|Any CPU
		{CD3920EF-D85A-E41E-1AD8-AD01EB547BD8}.Release|Any CPU.ActiveCfg = Release|Any CPU
		{CD3920EF-D85A-E41E-1AD8-AD01EB547BD8}.Release|Any CPU.Build.0 = Release|Any CPU
	EndGlobalSection
	GlobalSection(SolutionProperties) = preSolution
		HideSolutionNode = FALSE
	EndGlobalSection
EndGlobal
